// !$*UTF8*$!
{
	archiveVersion = 1;
	classes = {
	};
	objectVersion = 46;
	objects = {

/* Begin PBXBuildFile section */
		67AB1EB603A54EEEA29DDA9D /* libPods.a in Frameworks */ = {isa = PBXBuildFile; fileRef = 53F2822914F8415BAAEAB9E4 /* libPods.a */; };
		7EFB55E21849DA8000BF6C46 /* Foundation.framework in Frameworks */ = {isa = PBXBuildFile; fileRef = 7EFB55E11849DA8000BF6C46 /* Foundation.framework */; };
		7EFB55E41849DA8000BF6C46 /* CoreGraphics.framework in Frameworks */ = {isa = PBXBuildFile; fileRef = 7EFB55E31849DA8000BF6C46 /* CoreGraphics.framework */; };
		7EFB55E61849DA8000BF6C46 /* UIKit.framework in Frameworks */ = {isa = PBXBuildFile; fileRef = 7EFB55E51849DA8000BF6C46 /* UIKit.framework */; };
		7EFB55EC1849DA8000BF6C46 /* InfoPlist.strings in Resources */ = {isa = PBXBuildFile; fileRef = 7EFB55EA1849DA8000BF6C46 /* InfoPlist.strings */; };
		7EFB55EE1849DA8000BF6C46 /* main.m in Sources */ = {isa = PBXBuildFile; fileRef = 7EFB55ED1849DA8000BF6C46 /* main.m */; };
		7EFB55F21849DA8000BF6C46 /* AppDelegate.m in Sources */ = {isa = PBXBuildFile; fileRef = 7EFB55F11849DA8000BF6C46 /* AppDelegate.m */; };
		7EFB55F51849DA8000BF6C46 /* Main_iPhone.storyboard in Resources */ = {isa = PBXBuildFile; fileRef = 7EFB55F31849DA8000BF6C46 /* Main_iPhone.storyboard */; };
		7EFB55F81849DA8000BF6C46 /* Main_iPad.storyboard in Resources */ = {isa = PBXBuildFile; fileRef = 7EFB55F61849DA8000BF6C46 /* Main_iPad.storyboard */; };
		7EFB55FB1849DA8000BF6C46 /* ViewController.mm in Sources */ = {isa = PBXBuildFile; fileRef = 7EFB55FA1849DA8000BF6C46 /* ViewController.mm */; };
		7EFB55FD1849DA8000BF6C46 /* Images.xcassets in Resources */ = {isa = PBXBuildFile; fileRef = 7EFB55FC1849DA8000BF6C46 /* Images.xcassets */; };
		7EFB56041849DA8000BF6C46 /* XCTest.framework in Frameworks */ = {isa = PBXBuildFile; fileRef = 7EFB56031849DA8000BF6C46 /* XCTest.framework */; };
		7EFB56051849DA8000BF6C46 /* Foundation.framework in Frameworks */ = {isa = PBXBuildFile; fileRef = 7EFB55E11849DA8000BF6C46 /* Foundation.framework */; };
		7EFB56061849DA8000BF6C46 /* UIKit.framework in Frameworks */ = {isa = PBXBuildFile; fileRef = 7EFB55E51849DA8000BF6C46 /* UIKit.framework */; };
		7EFB560E1849DA8000BF6C46 /* InfoPlist.strings in Resources */ = {isa = PBXBuildFile; fileRef = 7EFB560C1849DA8000BF6C46 /* InfoPlist.strings */; };
		7EFB56101849DA8000BF6C46 /* SpbotTests.m in Sources */ = {isa = PBXBuildFile; fileRef = 7EFB560F1849DA8000BF6C46 /* SpbotTests.m */; };
		7EFB561B1849DCB900BF6C46 /* FixPinCircle.m in Sources */ = {isa = PBXBuildFile; fileRef = 7EFB561A1849DCB900BF6C46 /* FixPinCircle.m */; };
		7EFB561E1849F6BA00BF6C46 /* LinesCanvas.m in Sources */ = {isa = PBXBuildFile; fileRef = 7EFB561D1849F6BA00BF6C46 /* LinesCanvas.m */; };
		E61B1830184D918D00AE4EBA /* opencv2.framework in Frameworks */ = {isa = PBXBuildFile; fileRef = E61B182F184D918D00AE4EBA /* opencv2.framework */; };
		E6AAD5D0184C82E8009AC43C /* QuartzCore.framework in Frameworks */ = {isa = PBXBuildFile; fileRef = E6AAD5CF184C82E8009AC43C /* QuartzCore.framework */; };
		E6AAD5D2184C82F1009AC43C /* CoreVideo.framework in Frameworks */ = {isa = PBXBuildFile; fileRef = E6AAD5D1184C82F1009AC43C /* CoreVideo.framework */; };
		E6AAD5D4184C82FA009AC43C /* CoreMedia.framework in Frameworks */ = {isa = PBXBuildFile; fileRef = E6AAD5D3184C82FA009AC43C /* CoreMedia.framework */; };
		E6AAD5D6184C8303009AC43C /* CoreImage.framework in Frameworks */ = {isa = PBXBuildFile; fileRef = E6AAD5D5184C8303009AC43C /* CoreImage.framework */; };
		E6AAD5D8184C830C009AC43C /* AVFoundation.framework in Frameworks */ = {isa = PBXBuildFile; fileRef = E6AAD5D7184C830B009AC43C /* AVFoundation.framework */; };
		E6AAD5DA184C8316009AC43C /* AssetsLibrary.framework in Frameworks */ = {isa = PBXBuildFile; fileRef = E6AAD5D9184C8316009AC43C /* AssetsLibrary.framework */; };
		E6AAD5DC184C831F009AC43C /* Accelerate.framework in Frameworks */ = {isa = PBXBuildFile; fileRef = E6AAD5DB184C831F009AC43C /* Accelerate.framework */; };
		E6EB1EE7185064E60027E47F /* CvVideoPhotoCamera.mm in Sources */ = {isa = PBXBuildFile; fileRef = E6EB1EE6185064E60027E47F /* CvVideoPhotoCamera.mm */; };
		E6EB1EEA18506A6D0027E47F /* ReviewViewController.m in Sources */ = {isa = PBXBuildFile; fileRef = E6EB1EE918506A6D0027E47F /* ReviewViewController.m */; };
		E6EB1F2518506DBD0027E47F /* MWCaptionView.m in Sources */ = {isa = PBXBuildFile; fileRef = E6EB1EF018506DBC0027E47F /* MWCaptionView.m */; };
		E6EB1F2618506DBD0027E47F /* MWPhoto.m in Sources */ = {isa = PBXBuildFile; fileRef = E6EB1EF318506DBC0027E47F /* MWPhoto.m */; };
		E6EB1F2718506DBD0027E47F /* MWPhotoBrowser.m in Sources */ = {isa = PBXBuildFile; fileRef = E6EB1EF518506DBC0027E47F /* MWPhotoBrowser.m */; };
		E6EB1F2818506DBD0027E47F /* MWTapDetectingImageView.m in Sources */ = {isa = PBXBuildFile; fileRef = E6EB1EF818506DBC0027E47F /* MWTapDetectingImageView.m */; };
		E6EB1F2918506DBD0027E47F /* MWTapDetectingView.m in Sources */ = {isa = PBXBuildFile; fileRef = E6EB1EFA18506DBC0027E47F /* MWTapDetectingView.m */; };
		E6EB1F2A18506DBD0027E47F /* MWZoomingScrollView.m in Sources */ = {isa = PBXBuildFile; fileRef = E6EB1EFC18506DBC0027E47F /* MWZoomingScrollView.m */; };
		E6EB1F2B18506DBD0027E47F /* DACircularProgressView.m in Sources */ = {isa = PBXBuildFile; fileRef = E6EB1F0018506DBC0027E47F /* DACircularProgressView.m */; };
		E6EB1F2C18506DBD0027E47F /* MBProgressHUD.m in Sources */ = {isa = PBXBuildFile; fileRef = E6EB1F0318506DBC0027E47F /* MBProgressHUD.m */; };
		E6EB1F2D18506DBD0027E47F /* README.mdown in Resources */ = {isa = PBXBuildFile; fileRef = E6EB1F0418506DBC0027E47F /* README.mdown */; };
		E6EB1F2E18506DBD0027E47F /* LICENSE in Resources */ = {isa = PBXBuildFile; fileRef = E6EB1F0618506DBC0027E47F /* LICENSE */; };
		E6EB1F2F18506DBD0027E47F /* README.md in Resources */ = {isa = PBXBuildFile; fileRef = E6EB1F0718506DBC0027E47F /* README.md */; };
		E6EB1F3018506DBD0027E47F /* NSData+GIF.m in Sources */ = {isa = PBXBuildFile; fileRef = E6EB1F0A18506DBC0027E47F /* NSData+GIF.m */; };
		E6EB1F3118506DBD0027E47F /* SDImageCache.m in Sources */ = {isa = PBXBuildFile; fileRef = E6EB1F0C18506DBC0027E47F /* SDImageCache.m */; };
		E6EB1F3218506DBD0027E47F /* SDWebImageCompat.m in Sources */ = {isa = PBXBuildFile; fileRef = E6EB1F0E18506DBC0027E47F /* SDWebImageCompat.m */; };
		E6EB1F3318506DBD0027E47F /* SDWebImageDecoder.m in Sources */ = {isa = PBXBuildFile; fileRef = E6EB1F1018506DBC0027E47F /* SDWebImageDecoder.m */; };
		E6EB1F3418506DBD0027E47F /* SDWebImageDownloader.m in Sources */ = {isa = PBXBuildFile; fileRef = E6EB1F1218506DBD0027E47F /* SDWebImageDownloader.m */; };
		E6EB1F3518506DBD0027E47F /* SDWebImageDownloaderOperation.m in Sources */ = {isa = PBXBuildFile; fileRef = E6EB1F1418506DBD0027E47F /* SDWebImageDownloaderOperation.m */; };
		E6EB1F3618506DBD0027E47F /* SDWebImageManager.m in Sources */ = {isa = PBXBuildFile; fileRef = E6EB1F1618506DBD0027E47F /* SDWebImageManager.m */; };
		E6EB1F3718506DBD0027E47F /* SDWebImagePrefetcher.m in Sources */ = {isa = PBXBuildFile; fileRef = E6EB1F1918506DBD0027E47F /* SDWebImagePrefetcher.m */; };
		E6EB1F3818506DBD0027E47F /* UIButton+WebCache.m in Sources */ = {isa = PBXBuildFile; fileRef = E6EB1F1B18506DBD0027E47F /* UIButton+WebCache.m */; };
		E6EB1F3918506DBD0027E47F /* UIImage+GIF.m in Sources */ = {isa = PBXBuildFile; fileRef = E6EB1F1D18506DBD0027E47F /* UIImage+GIF.m */; };
		E6EB1F3A18506DBD0027E47F /* UIImage+MultiFormat.m in Sources */ = {isa = PBXBuildFile; fileRef = E6EB1F1F18506DBD0027E47F /* UIImage+MultiFormat.m */; };
		E6EB1F3B18506DBD0027E47F /* UIImage+WebP.m in Sources */ = {isa = PBXBuildFile; fileRef = E6EB1F2118506DBD0027E47F /* UIImage+WebP.m */; };
		E6EB1F3C18506DBD0027E47F /* UIImageView+WebCache.m in Sources */ = {isa = PBXBuildFile; fileRef = E6EB1F2318506DBD0027E47F /* UIImageView+WebCache.m */; };
		E6EB1F3D18506DBD0027E47F /* MWPhotoBrowser.bundle in Resources */ = {isa = PBXBuildFile; fileRef = E6EB1F2418506DBD0027E47F /* MWPhotoBrowser.bundle */; };
/* End PBXBuildFile section */

/* Begin PBXContainerItemProxy section */
		7EFB56071849DA8000BF6C46 /* PBXContainerItemProxy */ = {
			isa = PBXContainerItemProxy;
			containerPortal = 7EFB55D61849DA8000BF6C46 /* Project object */;
			proxyType = 1;
			remoteGlobalIDString = 7EFB55DD1849DA8000BF6C46;
			remoteInfo = Spbot;
		};
/* End PBXContainerItemProxy section */

/* Begin PBXFileReference section */
		53F2822914F8415BAAEAB9E4 /* libPods.a */ = {isa = PBXFileReference; explicitFileType = archive.ar; includeInIndex = 0; path = libPods.a; sourceTree = BUILT_PRODUCTS_DIR; };
		7EFB55DE1849DA8000BF6C46 /* Spbot.app */ = {isa = PBXFileReference; explicitFileType = wrapper.application; includeInIndex = 0; path = Spbot.app; sourceTree = BUILT_PRODUCTS_DIR; };
		7EFB55E11849DA8000BF6C46 /* Foundation.framework */ = {isa = PBXFileReference; lastKnownFileType = wrapper.framework; name = Foundation.framework; path = System/Library/Frameworks/Foundation.framework; sourceTree = SDKROOT; };
		7EFB55E31849DA8000BF6C46 /* CoreGraphics.framework */ = {isa = PBXFileReference; lastKnownFileType = wrapper.framework; name = CoreGraphics.framework; path = System/Library/Frameworks/CoreGraphics.framework; sourceTree = SDKROOT; };
		7EFB55E51849DA8000BF6C46 /* UIKit.framework */ = {isa = PBXFileReference; lastKnownFileType = wrapper.framework; name = UIKit.framework; path = System/Library/Frameworks/UIKit.framework; sourceTree = SDKROOT; };
		7EFB55E91849DA8000BF6C46 /* Spbot-Info.plist */ = {isa = PBXFileReference; lastKnownFileType = text.plist.xml; path = "Spbot-Info.plist"; sourceTree = "<group>"; };
		7EFB55EB1849DA8000BF6C46 /* en */ = {isa = PBXFileReference; lastKnownFileType = text.plist.strings; name = en; path = en.lproj/InfoPlist.strings; sourceTree = "<group>"; };
		7EFB55ED1849DA8000BF6C46 /* main.m */ = {isa = PBXFileReference; lastKnownFileType = sourcecode.c.objc; path = main.m; sourceTree = "<group>"; };
		7EFB55EF1849DA8000BF6C46 /* Spbot-Prefix.pch */ = {isa = PBXFileReference; lastKnownFileType = sourcecode.c.h; path = "Spbot-Prefix.pch"; sourceTree = "<group>"; };
		7EFB55F01849DA8000BF6C46 /* AppDelegate.h */ = {isa = PBXFileReference; lastKnownFileType = sourcecode.c.h; path = AppDelegate.h; sourceTree = "<group>"; };
		7EFB55F11849DA8000BF6C46 /* AppDelegate.m */ = {isa = PBXFileReference; lastKnownFileType = sourcecode.c.objc; path = AppDelegate.m; sourceTree = "<group>"; };
		7EFB55F41849DA8000BF6C46 /* Base */ = {isa = PBXFileReference; lastKnownFileType = file.storyboard; name = Base; path = Base.lproj/Main_iPhone.storyboard; sourceTree = "<group>"; };
		7EFB55F71849DA8000BF6C46 /* Base */ = {isa = PBXFileReference; lastKnownFileType = file.storyboard; name = Base; path = Base.lproj/Main_iPad.storyboard; sourceTree = "<group>"; };
		7EFB55F91849DA8000BF6C46 /* ViewController.h */ = {isa = PBXFileReference; lastKnownFileType = sourcecode.c.h; path = ViewController.h; sourceTree = "<group>"; };
		7EFB55FA1849DA8000BF6C46 /* ViewController.mm */ = {isa = PBXFileReference; lastKnownFileType = sourcecode.cpp.objcpp; path = ViewController.mm; sourceTree = "<group>"; };
		7EFB55FC1849DA8000BF6C46 /* Images.xcassets */ = {isa = PBXFileReference; lastKnownFileType = folder.assetcatalog; path = Images.xcassets; sourceTree = "<group>"; };
		7EFB56021849DA8000BF6C46 /* SpbotTests.xctest */ = {isa = PBXFileReference; explicitFileType = wrapper.cfbundle; includeInIndex = 0; path = SpbotTests.xctest; sourceTree = BUILT_PRODUCTS_DIR; };
		7EFB56031849DA8000BF6C46 /* XCTest.framework */ = {isa = PBXFileReference; lastKnownFileType = wrapper.framework; name = XCTest.framework; path = Library/Frameworks/XCTest.framework; sourceTree = DEVELOPER_DIR; };
		7EFB560B1849DA8000BF6C46 /* SpbotTests-Info.plist */ = {isa = PBXFileReference; lastKnownFileType = text.plist.xml; path = "SpbotTests-Info.plist"; sourceTree = "<group>"; };
		7EFB560D1849DA8000BF6C46 /* en */ = {isa = PBXFileReference; lastKnownFileType = text.plist.strings; name = en; path = en.lproj/InfoPlist.strings; sourceTree = "<group>"; };
		7EFB560F1849DA8000BF6C46 /* SpbotTests.m */ = {isa = PBXFileReference; lastKnownFileType = sourcecode.c.objc; path = SpbotTests.m; sourceTree = "<group>"; };
		7EFB56191849DCB900BF6C46 /* FixPinCircle.h */ = {isa = PBXFileReference; fileEncoding = 4; lastKnownFileType = sourcecode.c.h; path = FixPinCircle.h; sourceTree = "<group>"; };
		7EFB561A1849DCB900BF6C46 /* FixPinCircle.m */ = {isa = PBXFileReference; fileEncoding = 4; lastKnownFileType = sourcecode.c.objc; path = FixPinCircle.m; sourceTree = "<group>"; };
		7EFB561C1849F6BA00BF6C46 /* LinesCanvas.h */ = {isa = PBXFileReference; fileEncoding = 4; lastKnownFileType = sourcecode.c.h; path = LinesCanvas.h; sourceTree = "<group>"; };
		7EFB561D1849F6BA00BF6C46 /* LinesCanvas.m */ = {isa = PBXFileReference; fileEncoding = 4; lastKnownFileType = sourcecode.c.objc; path = LinesCanvas.m; sourceTree = "<group>"; };
		C77043D5979042A0801D3C21 /* Pods.xcconfig */ = {isa = PBXFileReference; includeInIndex = 1; lastKnownFileType = text.xcconfig; name = Pods.xcconfig; path = Pods/Pods.xcconfig; sourceTree = SOURCE_ROOT; };
		E61B182F184D918D00AE4EBA /* opencv2.framework */ = {isa = PBXFileReference; lastKnownFileType = wrapper.framework; path = opencv2.framework; sourceTree = "<group>"; };
		E6AAD5CF184C82E8009AC43C /* QuartzCore.framework */ = {isa = PBXFileReference; lastKnownFileType = wrapper.framework; name = QuartzCore.framework; path = System/Library/Frameworks/QuartzCore.framework; sourceTree = SDKROOT; };
		E6AAD5D1184C82F1009AC43C /* CoreVideo.framework */ = {isa = PBXFileReference; lastKnownFileType = wrapper.framework; name = CoreVideo.framework; path = System/Library/Frameworks/CoreVideo.framework; sourceTree = SDKROOT; };
		E6AAD5D3184C82FA009AC43C /* CoreMedia.framework */ = {isa = PBXFileReference; lastKnownFileType = wrapper.framework; name = CoreMedia.framework; path = System/Library/Frameworks/CoreMedia.framework; sourceTree = SDKROOT; };
		E6AAD5D5184C8303009AC43C /* CoreImage.framework */ = {isa = PBXFileReference; lastKnownFileType = wrapper.framework; name = CoreImage.framework; path = System/Library/Frameworks/CoreImage.framework; sourceTree = SDKROOT; };
		E6AAD5D7184C830B009AC43C /* AVFoundation.framework */ = {isa = PBXFileReference; lastKnownFileType = wrapper.framework; name = AVFoundation.framework; path = System/Library/Frameworks/AVFoundation.framework; sourceTree = SDKROOT; };
		E6AAD5D9184C8316009AC43C /* AssetsLibrary.framework */ = {isa = PBXFileReference; lastKnownFileType = wrapper.framework; name = AssetsLibrary.framework; path = System/Library/Frameworks/AssetsLibrary.framework; sourceTree = SDKROOT; };
		E6AAD5DB184C831F009AC43C /* Accelerate.framework */ = {isa = PBXFileReference; lastKnownFileType = wrapper.framework; name = Accelerate.framework; path = System/Library/Frameworks/Accelerate.framework; sourceTree = SDKROOT; };
		E6EB1EE5185064E60027E47F /* CvVideoPhotoCamera.h */ = {isa = PBXFileReference; fileEncoding = 4; lastKnownFileType = sourcecode.c.h; path = CvVideoPhotoCamera.h; sourceTree = "<group>"; };
		E6EB1EE6185064E60027E47F /* CvVideoPhotoCamera.mm */ = {isa = PBXFileReference; fileEncoding = 4; lastKnownFileType = sourcecode.cpp.objcpp; path = CvVideoPhotoCamera.mm; sourceTree = "<group>"; };
		E6EB1EE818506A6D0027E47F /* ReviewViewController.h */ = {isa = PBXFileReference; fileEncoding = 4; lastKnownFileType = sourcecode.c.h; path = ReviewViewController.h; sourceTree = "<group>"; };
		E6EB1EE918506A6D0027E47F /* ReviewViewController.m */ = {isa = PBXFileReference; fileEncoding = 4; lastKnownFileType = sourcecode.c.objc; path = ReviewViewController.m; sourceTree = "<group>"; };
		E6EB1EEF18506DBC0027E47F /* MWCaptionView.h */ = {isa = PBXFileReference; fileEncoding = 4; lastKnownFileType = sourcecode.c.h; path = MWCaptionView.h; sourceTree = "<group>"; };
		E6EB1EF018506DBC0027E47F /* MWCaptionView.m */ = {isa = PBXFileReference; fileEncoding = 4; lastKnownFileType = sourcecode.c.objc; path = MWCaptionView.m; sourceTree = "<group>"; };
		E6EB1EF118506DBC0027E47F /* MWCommon.h */ = {isa = PBXFileReference; fileEncoding = 4; lastKnownFileType = sourcecode.c.h; path = MWCommon.h; sourceTree = "<group>"; };
		E6EB1EF218506DBC0027E47F /* MWPhoto.h */ = {isa = PBXFileReference; fileEncoding = 4; lastKnownFileType = sourcecode.c.h; path = MWPhoto.h; sourceTree = "<group>"; };
		E6EB1EF318506DBC0027E47F /* MWPhoto.m */ = {isa = PBXFileReference; fileEncoding = 4; lastKnownFileType = sourcecode.c.objc; path = MWPhoto.m; sourceTree = "<group>"; };
		E6EB1EF418506DBC0027E47F /* MWPhotoBrowser.h */ = {isa = PBXFileReference; fileEncoding = 4; lastKnownFileType = sourcecode.c.h; path = MWPhotoBrowser.h; sourceTree = "<group>"; };
		E6EB1EF518506DBC0027E47F /* MWPhotoBrowser.m */ = {isa = PBXFileReference; fileEncoding = 4; lastKnownFileType = sourcecode.c.objc; path = MWPhotoBrowser.m; sourceTree = "<group>"; };
		E6EB1EF618506DBC0027E47F /* MWPhotoProtocol.h */ = {isa = PBXFileReference; fileEncoding = 4; lastKnownFileType = sourcecode.c.h; path = MWPhotoProtocol.h; sourceTree = "<group>"; };
		E6EB1EF718506DBC0027E47F /* MWTapDetectingImageView.h */ = {isa = PBXFileReference; fileEncoding = 4; lastKnownFileType = sourcecode.c.h; path = MWTapDetectingImageView.h; sourceTree = "<group>"; };
		E6EB1EF818506DBC0027E47F /* MWTapDetectingImageView.m */ = {isa = PBXFileReference; fileEncoding = 4; lastKnownFileType = sourcecode.c.objc; path = MWTapDetectingImageView.m; sourceTree = "<group>"; };
		E6EB1EF918506DBC0027E47F /* MWTapDetectingView.h */ = {isa = PBXFileReference; fileEncoding = 4; lastKnownFileType = sourcecode.c.h; path = MWTapDetectingView.h; sourceTree = "<group>"; };
		E6EB1EFA18506DBC0027E47F /* MWTapDetectingView.m */ = {isa = PBXFileReference; fileEncoding = 4; lastKnownFileType = sourcecode.c.objc; path = MWTapDetectingView.m; sourceTree = "<group>"; };
		E6EB1EFB18506DBC0027E47F /* MWZoomingScrollView.h */ = {isa = PBXFileReference; fileEncoding = 4; lastKnownFileType = sourcecode.c.h; path = MWZoomingScrollView.h; sourceTree = "<group>"; };
		E6EB1EFC18506DBC0027E47F /* MWZoomingScrollView.m */ = {isa = PBXFileReference; fileEncoding = 4; lastKnownFileType = sourcecode.c.objc; path = MWZoomingScrollView.m; sourceTree = "<group>"; };
		E6EB1EFF18506DBC0027E47F /* DACircularProgressView.h */ = {isa = PBXFileReference; fileEncoding = 4; lastKnownFileType = sourcecode.c.h; path = DACircularProgressView.h; sourceTree = "<group>"; };
		E6EB1F0018506DBC0027E47F /* DACircularProgressView.m */ = {isa = PBXFileReference; fileEncoding = 4; lastKnownFileType = sourcecode.c.objc; path = DACircularProgressView.m; sourceTree = "<group>"; };
		E6EB1F0218506DBC0027E47F /* MBProgressHUD.h */ = {isa = PBXFileReference; fileEncoding = 4; lastKnownFileType = sourcecode.c.h; path = MBProgressHUD.h; sourceTree = "<group>"; };
		E6EB1F0318506DBC0027E47F /* MBProgressHUD.m */ = {isa = PBXFileReference; fileEncoding = 4; lastKnownFileType = sourcecode.c.objc; path = MBProgressHUD.m; sourceTree = "<group>"; };
		E6EB1F0418506DBC0027E47F /* README.mdown */ = {isa = PBXFileReference; fileEncoding = 4; lastKnownFileType = text; path = README.mdown; sourceTree = "<group>"; };
		E6EB1F0618506DBC0027E47F /* LICENSE */ = {isa = PBXFileReference; fileEncoding = 4; lastKnownFileType = text; path = LICENSE; sourceTree = "<group>"; };
		E6EB1F0718506DBC0027E47F /* README.md */ = {isa = PBXFileReference; fileEncoding = 4; lastKnownFileType = text; path = README.md; sourceTree = "<group>"; };
		E6EB1F0918506DBC0027E47F /* NSData+GIF.h */ = {isa = PBXFileReference; fileEncoding = 4; lastKnownFileType = sourcecode.c.h; path = "NSData+GIF.h"; sourceTree = "<group>"; };
		E6EB1F0A18506DBC0027E47F /* NSData+GIF.m */ = {isa = PBXFileReference; fileEncoding = 4; lastKnownFileType = sourcecode.c.objc; path = "NSData+GIF.m"; sourceTree = "<group>"; };
		E6EB1F0B18506DBC0027E47F /* SDImageCache.h */ = {isa = PBXFileReference; fileEncoding = 4; lastKnownFileType = sourcecode.c.h; path = SDImageCache.h; sourceTree = "<group>"; };
		E6EB1F0C18506DBC0027E47F /* SDImageCache.m */ = {isa = PBXFileReference; fileEncoding = 4; lastKnownFileType = sourcecode.c.objc; path = SDImageCache.m; sourceTree = "<group>"; };
		E6EB1F0D18506DBC0027E47F /* SDWebImageCompat.h */ = {isa = PBXFileReference; fileEncoding = 4; lastKnownFileType = sourcecode.c.h; path = SDWebImageCompat.h; sourceTree = "<group>"; };
		E6EB1F0E18506DBC0027E47F /* SDWebImageCompat.m */ = {isa = PBXFileReference; fileEncoding = 4; lastKnownFileType = sourcecode.c.objc; path = SDWebImageCompat.m; sourceTree = "<group>"; };
		E6EB1F0F18506DBC0027E47F /* SDWebImageDecoder.h */ = {isa = PBXFileReference; fileEncoding = 4; lastKnownFileType = sourcecode.c.h; path = SDWebImageDecoder.h; sourceTree = "<group>"; };
		E6EB1F1018506DBC0027E47F /* SDWebImageDecoder.m */ = {isa = PBXFileReference; fileEncoding = 4; lastKnownFileType = sourcecode.c.objc; path = SDWebImageDecoder.m; sourceTree = "<group>"; };
		E6EB1F1118506DBC0027E47F /* SDWebImageDownloader.h */ = {isa = PBXFileReference; fileEncoding = 4; lastKnownFileType = sourcecode.c.h; path = SDWebImageDownloader.h; sourceTree = "<group>"; };
		E6EB1F1218506DBD0027E47F /* SDWebImageDownloader.m */ = {isa = PBXFileReference; fileEncoding = 4; lastKnownFileType = sourcecode.c.objc; path = SDWebImageDownloader.m; sourceTree = "<group>"; };
		E6EB1F1318506DBD0027E47F /* SDWebImageDownloaderOperation.h */ = {isa = PBXFileReference; fileEncoding = 4; lastKnownFileType = sourcecode.c.h; path = SDWebImageDownloaderOperation.h; sourceTree = "<group>"; };
		E6EB1F1418506DBD0027E47F /* SDWebImageDownloaderOperation.m */ = {isa = PBXFileReference; fileEncoding = 4; lastKnownFileType = sourcecode.c.objc; path = SDWebImageDownloaderOperation.m; sourceTree = "<group>"; };
		E6EB1F1518506DBD0027E47F /* SDWebImageManager.h */ = {isa = PBXFileReference; fileEncoding = 4; lastKnownFileType = sourcecode.c.h; path = SDWebImageManager.h; sourceTree = "<group>"; };
		E6EB1F1618506DBD0027E47F /* SDWebImageManager.m */ = {isa = PBXFileReference; fileEncoding = 4; lastKnownFileType = sourcecode.c.objc; path = SDWebImageManager.m; sourceTree = "<group>"; };
		E6EB1F1718506DBD0027E47F /* SDWebImageOperation.h */ = {isa = PBXFileReference; fileEncoding = 4; lastKnownFileType = sourcecode.c.h; path = SDWebImageOperation.h; sourceTree = "<group>"; };
		E6EB1F1818506DBD0027E47F /* SDWebImagePrefetcher.h */ = {isa = PBXFileReference; fileEncoding = 4; lastKnownFileType = sourcecode.c.h; path = SDWebImagePrefetcher.h; sourceTree = "<group>"; };
		E6EB1F1918506DBD0027E47F /* SDWebImagePrefetcher.m */ = {isa = PBXFileReference; fileEncoding = 4; lastKnownFileType = sourcecode.c.objc; path = SDWebImagePrefetcher.m; sourceTree = "<group>"; };
		E6EB1F1A18506DBD0027E47F /* UIButton+WebCache.h */ = {isa = PBXFileReference; fileEncoding = 4; lastKnownFileType = sourcecode.c.h; path = "UIButton+WebCache.h"; sourceTree = "<group>"; };
		E6EB1F1B18506DBD0027E47F /* UIButton+WebCache.m */ = {isa = PBXFileReference; fileEncoding = 4; lastKnownFileType = sourcecode.c.objc; path = "UIButton+WebCache.m"; sourceTree = "<group>"; };
		E6EB1F1C18506DBD0027E47F /* UIImage+GIF.h */ = {isa = PBXFileReference; fileEncoding = 4; lastKnownFileType = sourcecode.c.h; path = "UIImage+GIF.h"; sourceTree = "<group>"; };
		E6EB1F1D18506DBD0027E47F /* UIImage+GIF.m */ = {isa = PBXFileReference; fileEncoding = 4; lastKnownFileType = sourcecode.c.objc; path = "UIImage+GIF.m"; sourceTree = "<group>"; };
		E6EB1F1E18506DBD0027E47F /* UIImage+MultiFormat.h */ = {isa = PBXFileReference; fileEncoding = 4; lastKnownFileType = sourcecode.c.h; path = "UIImage+MultiFormat.h"; sourceTree = "<group>"; };
		E6EB1F1F18506DBD0027E47F /* UIImage+MultiFormat.m */ = {isa = PBXFileReference; fileEncoding = 4; lastKnownFileType = sourcecode.c.objc; path = "UIImage+MultiFormat.m"; sourceTree = "<group>"; };
		E6EB1F2018506DBD0027E47F /* UIImage+WebP.h */ = {isa = PBXFileReference; fileEncoding = 4; lastKnownFileType = sourcecode.c.h; path = "UIImage+WebP.h"; sourceTree = "<group>"; };
		E6EB1F2118506DBD0027E47F /* UIImage+WebP.m */ = {isa = PBXFileReference; fileEncoding = 4; lastKnownFileType = sourcecode.c.objc; path = "UIImage+WebP.m"; sourceTree = "<group>"; };
		E6EB1F2218506DBD0027E47F /* UIImageView+WebCache.h */ = {isa = PBXFileReference; fileEncoding = 4; lastKnownFileType = sourcecode.c.h; path = "UIImageView+WebCache.h"; sourceTree = "<group>"; };
		E6EB1F2318506DBD0027E47F /* UIImageView+WebCache.m */ = {isa = PBXFileReference; fileEncoding = 4; lastKnownFileType = sourcecode.c.objc; path = "UIImageView+WebCache.m"; sourceTree = "<group>"; };
		E6EB1F2418506DBD0027E47F /* MWPhotoBrowser.bundle */ = {isa = PBXFileReference; lastKnownFileType = "wrapper.plug-in"; path = MWPhotoBrowser.bundle; sourceTree = "<group>"; };
/* End PBXFileReference section */

/* Begin PBXFrameworksBuildPhase section */
		7EFB55DB1849DA8000BF6C46 /* Frameworks */ = {
			isa = PBXFrameworksBuildPhase;
			buildActionMask = 2147483647;
			files = (
				E6AAD5DC184C831F009AC43C /* Accelerate.framework in Frameworks */,
				E6AAD5DA184C8316009AC43C /* AssetsLibrary.framework in Frameworks */,
				E6AAD5D8184C830C009AC43C /* AVFoundation.framework in Frameworks */,
				E6AAD5D6184C8303009AC43C /* CoreImage.framework in Frameworks */,
				E6AAD5D4184C82FA009AC43C /* CoreMedia.framework in Frameworks */,
				E6AAD5D2184C82F1009AC43C /* CoreVideo.framework in Frameworks */,
				E61B1830184D918D00AE4EBA /* opencv2.framework in Frameworks */,
				E6AAD5D0184C82E8009AC43C /* QuartzCore.framework in Frameworks */,
				7EFB55E41849DA8000BF6C46 /* CoreGraphics.framework in Frameworks */,
				7EFB55E61849DA8000BF6C46 /* UIKit.framework in Frameworks */,
				7EFB55E21849DA8000BF6C46 /* Foundation.framework in Frameworks */,
				67AB1EB603A54EEEA29DDA9D /* libPods.a in Frameworks */,
			);
			runOnlyForDeploymentPostprocessing = 0;
		};
		7EFB55FF1849DA8000BF6C46 /* Frameworks */ = {
			isa = PBXFrameworksBuildPhase;
			buildActionMask = 2147483647;
			files = (
				7EFB56041849DA8000BF6C46 /* XCTest.framework in Frameworks */,
				7EFB56061849DA8000BF6C46 /* UIKit.framework in Frameworks */,
				7EFB56051849DA8000BF6C46 /* Foundation.framework in Frameworks */,
			);
			runOnlyForDeploymentPostprocessing = 0;
		};
/* End PBXFrameworksBuildPhase section */

/* Begin PBXGroup section */
		7EFB55D51849DA8000BF6C46 = {
			isa = PBXGroup;
			children = (
				7EFB55E71849DA8000BF6C46 /* Spbot */,
				7EFB56091849DA8000BF6C46 /* SpbotTests */,
				7EFB55E01849DA8000BF6C46 /* Frameworks */,
				7EFB55DF1849DA8000BF6C46 /* Products */,
				C77043D5979042A0801D3C21 /* Pods.xcconfig */,
			);
			sourceTree = "<group>";
		};
		7EFB55DF1849DA8000BF6C46 /* Products */ = {
			isa = PBXGroup;
			children = (
				7EFB55DE1849DA8000BF6C46 /* Spbot.app */,
				7EFB56021849DA8000BF6C46 /* SpbotTests.xctest */,
			);
			name = Products;
			sourceTree = "<group>";
		};
		7EFB55E01849DA8000BF6C46 /* Frameworks */ = {
			isa = PBXGroup;
			children = (
				E61B182F184D918D00AE4EBA /* opencv2.framework */,
				E6AAD5DB184C831F009AC43C /* Accelerate.framework */,
				E6AAD5D9184C8316009AC43C /* AssetsLibrary.framework */,
				E6AAD5D7184C830B009AC43C /* AVFoundation.framework */,
				E6AAD5D5184C8303009AC43C /* CoreImage.framework */,
				E6AAD5D3184C82FA009AC43C /* CoreMedia.framework */,
				E6AAD5D1184C82F1009AC43C /* CoreVideo.framework */,
				E6AAD5CF184C82E8009AC43C /* QuartzCore.framework */,
				7EFB55E11849DA8000BF6C46 /* Foundation.framework */,
				7EFB55E31849DA8000BF6C46 /* CoreGraphics.framework */,
				7EFB55E51849DA8000BF6C46 /* UIKit.framework */,
				7EFB56031849DA8000BF6C46 /* XCTest.framework */,
				53F2822914F8415BAAEAB9E4 /* libPods.a */,
			);
			name = Frameworks;
			sourceTree = "<group>";
		};
		7EFB55E71849DA8000BF6C46 /* Spbot */ = {
			isa = PBXGroup;
			children = (
				7EFB55F01849DA8000BF6C46 /* AppDelegate.h */,
				7EFB55F11849DA8000BF6C46 /* AppDelegate.m */,
				7EFB55F31849DA8000BF6C46 /* Main_iPhone.storyboard */,
				7EFB55F61849DA8000BF6C46 /* Main_iPad.storyboard */,
				7EFB55F91849DA8000BF6C46 /* ViewController.h */,
				7EFB55FA1849DA8000BF6C46 /* ViewController.mm */,
				E6EB1EE818506A6D0027E47F /* ReviewViewController.h */,
				E6EB1EE918506A6D0027E47F /* ReviewViewController.m */,
				7EFB56191849DCB900BF6C46 /* FixPinCircle.h */,
				7EFB561A1849DCB900BF6C46 /* FixPinCircle.m */,
				7EFB561C1849F6BA00BF6C46 /* LinesCanvas.h */,
				7EFB561D1849F6BA00BF6C46 /* LinesCanvas.m */,
				E6EB1EE5185064E60027E47F /* CvVideoPhotoCamera.h */,
				E6EB1EE6185064E60027E47F /* CvVideoPhotoCamera.mm */,
				7EFB55FC1849DA8000BF6C46 /* Images.xcassets */,
				E6EB1EED18506DBC0027E47F /* 3rdparty */,
				7EFB55E81849DA8000BF6C46 /* Supporting Files */,
			);
			path = Spbot;
			sourceTree = "<group>";
		};
		7EFB55E81849DA8000BF6C46 /* Supporting Files */ = {
			isa = PBXGroup;
			children = (
				7EFB55E91849DA8000BF6C46 /* Spbot-Info.plist */,
				7EFB55EA1849DA8000BF6C46 /* InfoPlist.strings */,
				7EFB55ED1849DA8000BF6C46 /* main.m */,
				7EFB55EF1849DA8000BF6C46 /* Spbot-Prefix.pch */,
			);
			name = "Supporting Files";
			sourceTree = "<group>";
		};
		7EFB56091849DA8000BF6C46 /* SpbotTests */ = {
			isa = PBXGroup;
			children = (
				7EFB560F1849DA8000BF6C46 /* SpbotTests.m */,
				7EFB560A1849DA8000BF6C46 /* Supporting Files */,
			);
			path = SpbotTests;
			sourceTree = "<group>";
		};
		7EFB560A1849DA8000BF6C46 /* Supporting Files */ = {
			isa = PBXGroup;
			children = (
				7EFB560B1849DA8000BF6C46 /* SpbotTests-Info.plist */,
				7EFB560C1849DA8000BF6C46 /* InfoPlist.strings */,
			);
			name = "Supporting Files";
			sourceTree = "<group>";
		};
		E6EB1EED18506DBC0027E47F /* 3rdparty */ = {
			isa = PBXGroup;
			children = (
				E6EB1EEE18506DBC0027E47F /* Classes */,
				E6EB1EFD18506DBC0027E47F /* Libraries */,
				E6EB1F2418506DBD0027E47F /* MWPhotoBrowser.bundle */,
			);
			path = 3rdparty;
			sourceTree = SOURCE_ROOT;
		};
		E6EB1EEE18506DBC0027E47F /* Classes */ = {
			isa = PBXGroup;
			children = (
				E6EB1EEF18506DBC0027E47F /* MWCaptionView.h */,
				E6EB1EF018506DBC0027E47F /* MWCaptionView.m */,
				E6EB1EF118506DBC0027E47F /* MWCommon.h */,
				E6EB1EF218506DBC0027E47F /* MWPhoto.h */,
				E6EB1EF318506DBC0027E47F /* MWPhoto.m */,
				E6EB1EF418506DBC0027E47F /* MWPhotoBrowser.h */,
				E6EB1EF518506DBC0027E47F /* MWPhotoBrowser.m */,
				E6EB1EF618506DBC0027E47F /* MWPhotoProtocol.h */,
				E6EB1EF718506DBC0027E47F /* MWTapDetectingImageView.h */,
				E6EB1EF818506DBC0027E47F /* MWTapDetectingImageView.m */,
				E6EB1EF918506DBC0027E47F /* MWTapDetectingView.h */,
				E6EB1EFA18506DBC0027E47F /* MWTapDetectingView.m */,
				E6EB1EFB18506DBC0027E47F /* MWZoomingScrollView.h */,
				E6EB1EFC18506DBC0027E47F /* MWZoomingScrollView.m */,
			);
			path = Classes;
			sourceTree = "<group>";
		};
		E6EB1EFD18506DBC0027E47F /* Libraries */ = {
			isa = PBXGroup;
			children = (
				E6EB1EFE18506DBC0027E47F /* DACircularProgress */,
				E6EB1F0118506DBC0027E47F /* MBProgressHUD */,
				E6EB1F0518506DBC0027E47F /* SDWebImage */,
			);
			path = Libraries;
			sourceTree = "<group>";
		};
		E6EB1EFE18506DBC0027E47F /* DACircularProgress */ = {
			isa = PBXGroup;
			children = (
				E6EB1EFF18506DBC0027E47F /* DACircularProgressView.h */,
				E6EB1F0018506DBC0027E47F /* DACircularProgressView.m */,
			);
			path = DACircularProgress;
			sourceTree = "<group>";
		};
		E6EB1F0118506DBC0027E47F /* MBProgressHUD */ = {
			isa = PBXGroup;
			children = (
				E6EB1F0218506DBC0027E47F /* MBProgressHUD.h */,
				E6EB1F0318506DBC0027E47F /* MBProgressHUD.m */,
				E6EB1F0418506DBC0027E47F /* README.mdown */,
			);
			path = MBProgressHUD;
			sourceTree = "<group>";
		};
		E6EB1F0518506DBC0027E47F /* SDWebImage */ = {
			isa = PBXGroup;
			children = (
				E6EB1F0618506DBC0027E47F /* LICENSE */,
				E6EB1F0718506DBC0027E47F /* README.md */,
				E6EB1F0818506DBC0027E47F /* SDWebImage */,
			);
			path = SDWebImage;
			sourceTree = "<group>";
		};
		E6EB1F0818506DBC0027E47F /* SDWebImage */ = {
			isa = PBXGroup;
			children = (
				E6EB1F0918506DBC0027E47F /* NSData+GIF.h */,
				E6EB1F0A18506DBC0027E47F /* NSData+GIF.m */,
				E6EB1F0B18506DBC0027E47F /* SDImageCache.h */,
				E6EB1F0C18506DBC0027E47F /* SDImageCache.m */,
				E6EB1F0D18506DBC0027E47F /* SDWebImageCompat.h */,
				E6EB1F0E18506DBC0027E47F /* SDWebImageCompat.m */,
				E6EB1F0F18506DBC0027E47F /* SDWebImageDecoder.h */,
				E6EB1F1018506DBC0027E47F /* SDWebImageDecoder.m */,
				E6EB1F1118506DBC0027E47F /* SDWebImageDownloader.h */,
				E6EB1F1218506DBD0027E47F /* SDWebImageDownloader.m */,
				E6EB1F1318506DBD0027E47F /* SDWebImageDownloaderOperation.h */,
				E6EB1F1418506DBD0027E47F /* SDWebImageDownloaderOperation.m */,
				E6EB1F1518506DBD0027E47F /* SDWebImageManager.h */,
				E6EB1F1618506DBD0027E47F /* SDWebImageManager.m */,
				E6EB1F1718506DBD0027E47F /* SDWebImageOperation.h */,
				E6EB1F1818506DBD0027E47F /* SDWebImagePrefetcher.h */,
				E6EB1F1918506DBD0027E47F /* SDWebImagePrefetcher.m */,
				E6EB1F1A18506DBD0027E47F /* UIButton+WebCache.h */,
				E6EB1F1B18506DBD0027E47F /* UIButton+WebCache.m */,
				E6EB1F1C18506DBD0027E47F /* UIImage+GIF.h */,
				E6EB1F1D18506DBD0027E47F /* UIImage+GIF.m */,
				E6EB1F1E18506DBD0027E47F /* UIImage+MultiFormat.h */,
				E6EB1F1F18506DBD0027E47F /* UIImage+MultiFormat.m */,
				E6EB1F2018506DBD0027E47F /* UIImage+WebP.h */,
				E6EB1F2118506DBD0027E47F /* UIImage+WebP.m */,
				E6EB1F2218506DBD0027E47F /* UIImageView+WebCache.h */,
				E6EB1F2318506DBD0027E47F /* UIImageView+WebCache.m */,
			);
			path = SDWebImage;
			sourceTree = "<group>";
		};
/* End PBXGroup section */

/* Begin PBXNativeTarget section */
		7EFB55DD1849DA8000BF6C46 /* Spbot */ = {
			isa = PBXNativeTarget;
			buildConfigurationList = 7EFB56131849DA8000BF6C46 /* Build configuration list for PBXNativeTarget "Spbot" */;
			buildPhases = (
				BC9234F8AB544A36B0F7BE92 /* Check Pods Manifest.lock */,
				7EFB55DA1849DA8000BF6C46 /* Sources */,
				7EFB55DB1849DA8000BF6C46 /* Frameworks */,
				7EFB55DC1849DA8000BF6C46 /* Resources */,
				6ED77028269B46419E903D40 /* Copy Pods Resources */,
			);
			buildRules = (
			);
			dependencies = (
			);
			name = Spbot;
			productName = Spbot;
			productReference = 7EFB55DE1849DA8000BF6C46 /* Spbot.app */;
			productType = "com.apple.product-type.application";
		};
		7EFB56011849DA8000BF6C46 /* SpbotTests */ = {
			isa = PBXNativeTarget;
			buildConfigurationList = 7EFB56161849DA8000BF6C46 /* Build configuration list for PBXNativeTarget "SpbotTests" */;
			buildPhases = (
				7EFB55FE1849DA8000BF6C46 /* Sources */,
				7EFB55FF1849DA8000BF6C46 /* Frameworks */,
				7EFB56001849DA8000BF6C46 /* Resources */,
			);
			buildRules = (
			);
			dependencies = (
				7EFB56081849DA8000BF6C46 /* PBXTargetDependency */,
			);
			name = SpbotTests;
			productName = SpbotTests;
			productReference = 7EFB56021849DA8000BF6C46 /* SpbotTests.xctest */;
			productType = "com.apple.product-type.bundle.unit-test";
		};
/* End PBXNativeTarget section */

/* Begin PBXProject section */
		7EFB55D61849DA8000BF6C46 /* Project object */ = {
			isa = PBXProject;
			attributes = {
				LastUpgradeCheck = 0500;
				ORGANIZATIONNAME = claire;
				TargetAttributes = {
					7EFB56011849DA8000BF6C46 = {
						TestTargetID = 7EFB55DD1849DA8000BF6C46;
					};
				};
			};
			buildConfigurationList = 7EFB55D91849DA8000BF6C46 /* Build configuration list for PBXProject "Spbot" */;
			compatibilityVersion = "Xcode 3.2";
			developmentRegion = English;
			hasScannedForEncodings = 0;
			knownRegions = (
				en,
				Base,
			);
			mainGroup = 7EFB55D51849DA8000BF6C46;
			productRefGroup = 7EFB55DF1849DA8000BF6C46 /* Products */;
			projectDirPath = "";
			projectRoot = "";
			targets = (
				7EFB55DD1849DA8000BF6C46 /* Spbot */,
				7EFB56011849DA8000BF6C46 /* SpbotTests */,
			);
		};
/* End PBXProject section */

/* Begin PBXResourcesBuildPhase section */
		7EFB55DC1849DA8000BF6C46 /* Resources */ = {
			isa = PBXResourcesBuildPhase;
			buildActionMask = 2147483647;
			files = (
				E6EB1F2E18506DBD0027E47F /* LICENSE in Resources */,
				7EFB55F81849DA8000BF6C46 /* Main_iPad.storyboard in Resources */,
				7EFB55FD1849DA8000BF6C46 /* Images.xcassets in Resources */,
				E6EB1F2F18506DBD0027E47F /* README.md in Resources */,
				7EFB55F51849DA8000BF6C46 /* Main_iPhone.storyboard in Resources */,
				7EFB55EC1849DA8000BF6C46 /* InfoPlist.strings in Resources */,
				E6EB1F2D18506DBD0027E47F /* README.mdown in Resources */,
				E6EB1F3D18506DBD0027E47F /* MWPhotoBrowser.bundle in Resources */,
			);
			runOnlyForDeploymentPostprocessing = 0;
		};
		7EFB56001849DA8000BF6C46 /* Resources */ = {
			isa = PBXResourcesBuildPhase;
			buildActionMask = 2147483647;
			files = (
				7EFB560E1849DA8000BF6C46 /* InfoPlist.strings in Resources */,
			);
			runOnlyForDeploymentPostprocessing = 0;
		};
/* End PBXResourcesBuildPhase section */

/* Begin PBXShellScriptBuildPhase section */
		6ED77028269B46419E903D40 /* Copy Pods Resources */ = {
			isa = PBXShellScriptBuildPhase;
			buildActionMask = 2147483647;
			files = (
			);
			inputPaths = (
			);
			name = "Copy Pods Resources";
			outputPaths = (
			);
			runOnlyForDeploymentPostprocessing = 0;
			shellPath = /bin/sh;
			shellScript = "\"${SRCROOT}/Pods/Pods-resources.sh\"\n";
			showEnvVarsInLog = 0;
		};
		BC9234F8AB544A36B0F7BE92 /* Check Pods Manifest.lock */ = {
			isa = PBXShellScriptBuildPhase;
			buildActionMask = 2147483647;
			files = (
			);
			inputPaths = (
			);
			name = "Check Pods Manifest.lock";
			outputPaths = (
			);
			runOnlyForDeploymentPostprocessing = 0;
			shellPath = /bin/sh;
			shellScript = "diff \"${PODS_ROOT}/../Podfile.lock\" \"${PODS_ROOT}/Manifest.lock\" > /dev/null\nif [[ $? != 0 ]] ; then\n    cat << EOM\nerror: The sandbox is not in sync with the Podfile.lock. Run 'pod install' or update your CocoaPods installation.\nEOM\n    exit 1\nfi\n";
			showEnvVarsInLog = 0;
		};
/* End PBXShellScriptBuildPhase section */

/* Begin PBXSourcesBuildPhase section */
		7EFB55DA1849DA8000BF6C46 /* Sources */ = {
			isa = PBXSourcesBuildPhase;
			buildActionMask = 2147483647;
			files = (
				E6EB1F3A18506DBD0027E47F /* UIImage+MultiFormat.m in Sources */,
				E6EB1F3B18506DBD0027E47F /* UIImage+WebP.m in Sources */,
				E6EB1EE7185064E60027E47F /* CvVideoPhotoCamera.mm in Sources */,
				E6EB1F3618506DBD0027E47F /* SDWebImageManager.m in Sources */,
				7EFB55FB1849DA8000BF6C46 /* ViewController.mm in Sources */,
				E6EB1F2918506DBD0027E47F /* MWTapDetectingView.m in Sources */,
				E6EB1F3018506DBD0027E47F /* NSData+GIF.m in Sources */,
				E6EB1F3418506DBD0027E47F /* SDWebImageDownloader.m in Sources */,
				7EFB561E1849F6BA00BF6C46 /* LinesCanvas.m in Sources */,
				E6EB1F2718506DBD0027E47F /* MWPhotoBrowser.m in Sources */,
				E6EB1F2B18506DBD0027E47F /* DACircularProgressView.m in Sources */,
				E6EB1F2818506DBD0027E47F /* MWTapDetectingImageView.m in Sources */,
				E6EB1F2C18506DBD0027E47F /* MBProgressHUD.m in Sources */,
				7EFB55F21849DA8000BF6C46 /* AppDelegate.m in Sources */,
				7EFB561B1849DCB900BF6C46 /* FixPinCircle.m in Sources */,
				E6EB1F3918506DBD0027E47F /* UIImage+GIF.m in Sources */,
				E6EB1F3818506DBD0027E47F /* UIButton+WebCache.m in Sources */,
				E6EB1F2A18506DBD0027E47F /* MWZoomingScrollView.m in Sources */,
				E6EB1F3C18506DBD0027E47F /* UIImageView+WebCache.m in Sources */,
				E6EB1F3718506DBD0027E47F /* SDWebImagePrefetcher.m in Sources */,
				E6EB1F3318506DBD0027E47F /* SDWebImageDecoder.m in Sources */,
				E6EB1F3118506DBD0027E47F /* SDImageCache.m in Sources */,
				E6EB1F3218506DBD0027E47F /* SDWebImageCompat.m in Sources */,
				7EFB55EE1849DA8000BF6C46 /* main.m in Sources */,
				E6EB1EEA18506A6D0027E47F /* ReviewViewController.m in Sources */,
				E6EB1F3518506DBD0027E47F /* SDWebImageDownloaderOperation.m in Sources */,
				E6EB1F2618506DBD0027E47F /* MWPhoto.m in Sources */,
				E6EB1F2518506DBD0027E47F /* MWCaptionView.m in Sources */,
			);
			runOnlyForDeploymentPostprocessing = 0;
		};
		7EFB55FE1849DA8000BF6C46 /* Sources */ = {
			isa = PBXSourcesBuildPhase;
			buildActionMask = 2147483647;
			files = (
				7EFB56101849DA8000BF6C46 /* SpbotTests.m in Sources */,
			);
			runOnlyForDeploymentPostprocessing = 0;
		};
/* End PBXSourcesBuildPhase section */

/* Begin PBXTargetDependency section */
		7EFB56081849DA8000BF6C46 /* PBXTargetDependency */ = {
			isa = PBXTargetDependency;
			target = 7EFB55DD1849DA8000BF6C46 /* Spbot */;
			targetProxy = 7EFB56071849DA8000BF6C46 /* PBXContainerItemProxy */;
		};
/* End PBXTargetDependency section */

/* Begin PBXVariantGroup section */
		7EFB55EA1849DA8000BF6C46 /* InfoPlist.strings */ = {
			isa = PBXVariantGroup;
			children = (
				7EFB55EB1849DA8000BF6C46 /* en */,
			);
			name = InfoPlist.strings;
			sourceTree = "<group>";
		};
		7EFB55F31849DA8000BF6C46 /* Main_iPhone.storyboard */ = {
			isa = PBXVariantGroup;
			children = (
				7EFB55F41849DA8000BF6C46 /* Base */,
			);
			name = Main_iPhone.storyboard;
			sourceTree = "<group>";
		};
		7EFB55F61849DA8000BF6C46 /* Main_iPad.storyboard */ = {
			isa = PBXVariantGroup;
			children = (
				7EFB55F71849DA8000BF6C46 /* Base */,
			);
			name = Main_iPad.storyboard;
			sourceTree = "<group>";
		};
		7EFB560C1849DA8000BF6C46 /* InfoPlist.strings */ = {
			isa = PBXVariantGroup;
			children = (
				7EFB560D1849DA8000BF6C46 /* en */,
			);
			name = InfoPlist.strings;
			sourceTree = "<group>";
		};
/* End PBXVariantGroup section */

/* Begin XCBuildConfiguration section */
		7EFB56111849DA8000BF6C46 /* Debug */ = {
			isa = XCBuildConfiguration;
			buildSettings = {
				ALWAYS_SEARCH_USER_PATHS = NO;
				ARCHS = "$(ARCHS_STANDARD_INCLUDING_64_BIT)";
				CLANG_CXX_LANGUAGE_STANDARD = "gnu++0x";
				CLANG_CXX_LIBRARY = "libc++";
				CLANG_ENABLE_MODULES = YES;
				CLANG_ENABLE_OBJC_ARC = YES;
				CLANG_WARN_BOOL_CONVERSION = YES;
				CLANG_WARN_CONSTANT_CONVERSION = YES;
				CLANG_WARN_DIRECT_OBJC_ISA_USAGE = YES_ERROR;
				CLANG_WARN_EMPTY_BODY = YES;
				CLANG_WARN_ENUM_CONVERSION = YES;
				CLANG_WARN_INT_CONVERSION = YES;
				CLANG_WARN_OBJC_ROOT_CLASS = YES_ERROR;
				CLANG_WARN__DUPLICATE_METHOD_MATCH = YES;
				"CODE_SIGN_IDENTITY[sdk=iphoneos*]" = "iPhone Developer";
				COPY_PHASE_STRIP = NO;
				GCC_C_LANGUAGE_STANDARD = gnu99;
				GCC_DYNAMIC_NO_PIC = NO;
				GCC_OPTIMIZATION_LEVEL = 0;
				GCC_PREPROCESSOR_DEFINITIONS = (
					"DEBUG=1",
					"$(inherited)",
				);
				GCC_SYMBOLS_PRIVATE_EXTERN = NO;
				GCC_WARN_64_TO_32_BIT_CONVERSION = YES;
				GCC_WARN_ABOUT_RETURN_TYPE = YES_ERROR;
				GCC_WARN_UNDECLARED_SELECTOR = YES;
				GCC_WARN_UNINITIALIZED_AUTOS = YES;
				GCC_WARN_UNUSED_FUNCTION = YES;
				GCC_WARN_UNUSED_VARIABLE = YES;
				IPHONEOS_DEPLOYMENT_TARGET = 6.1;
				ONLY_ACTIVE_ARCH = YES;
				SDKROOT = iphoneos;
				TARGETED_DEVICE_FAMILY = "1,2";
			};
			name = Debug;
		};
		7EFB56121849DA8000BF6C46 /* Release */ = {
			isa = XCBuildConfiguration;
			buildSettings = {
				ALWAYS_SEARCH_USER_PATHS = NO;
				ARCHS = "$(ARCHS_STANDARD_INCLUDING_64_BIT)";
				CLANG_CXX_LANGUAGE_STANDARD = "gnu++0x";
				CLANG_CXX_LIBRARY = "libc++";
				CLANG_ENABLE_MODULES = YES;
				CLANG_ENABLE_OBJC_ARC = YES;
				CLANG_WARN_BOOL_CONVERSION = YES;
				CLANG_WARN_CONSTANT_CONVERSION = YES;
				CLANG_WARN_DIRECT_OBJC_ISA_USAGE = YES_ERROR;
				CLANG_WARN_EMPTY_BODY = YES;
				CLANG_WARN_ENUM_CONVERSION = YES;
				CLANG_WARN_INT_CONVERSION = YES;
				CLANG_WARN_OBJC_ROOT_CLASS = YES_ERROR;
				CLANG_WARN__DUPLICATE_METHOD_MATCH = YES;
				"CODE_SIGN_IDENTITY[sdk=iphoneos*]" = "iPhone Developer";
				COPY_PHASE_STRIP = YES;
				ENABLE_NS_ASSERTIONS = NO;
				GCC_C_LANGUAGE_STANDARD = gnu99;
				GCC_WARN_64_TO_32_BIT_CONVERSION = YES;
				GCC_WARN_ABOUT_RETURN_TYPE = YES_ERROR;
				GCC_WARN_UNDECLARED_SELECTOR = YES;
				GCC_WARN_UNINITIALIZED_AUTOS = YES;
				GCC_WARN_UNUSED_FUNCTION = YES;
				GCC_WARN_UNUSED_VARIABLE = YES;
				IPHONEOS_DEPLOYMENT_TARGET = 6.1;
				SDKROOT = iphoneos;
				TARGETED_DEVICE_FAMILY = "1,2";
				VALIDATE_PRODUCT = YES;
			};
			name = Release;
		};
		7EFB56141849DA8000BF6C46 /* Debug */ = {
			isa = XCBuildConfiguration;
			baseConfigurationReference = C77043D5979042A0801D3C21 /* Pods.xcconfig */;
			buildSettings = {
				ASSETCATALOG_COMPILER_APPICON_NAME = AppIcon;
				ASSETCATALOG_COMPILER_LAUNCHIMAGE_NAME = LaunchImage;
				CODE_SIGN_IDENTITY = "iPhone Developer: yang liu (ZBTCLWPW9U)";
				FRAMEWORK_SEARCH_PATHS = (
					"$(inherited)",
					/Users/crane/Documents/Spbot,
					/Users/crane/Documents/spbot/iOS/Spbot,
				);
				GCC_PRECOMPILE_PREFIX_HEADER = YES;
				GCC_PREFIX_HEADER = "Spbot/Spbot-Prefix.pch";
				INFOPLIST_FILE = "Spbot/Spbot-Info.plist";
				IPHONEOS_DEPLOYMENT_TARGET = 6.1;
				PRODUCT_NAME = "$(TARGET_NAME)";
				PROVISIONING_PROFILE = "9E40EF7E-1D31-4E18-B43A-DE2122A3C4BC";
				WRAPPER_EXTENSION = app;
			};
			name = Debug;
		};
		7EFB56151849DA8000BF6C46 /* Release */ = {
			isa = XCBuildConfiguration;
			baseConfigurationReference = C77043D5979042A0801D3C21 /* Pods.xcconfig */;
			buildSettings = {
				ASSETCATALOG_COMPILER_APPICON_NAME = AppIcon;
				ASSETCATALOG_COMPILER_LAUNCHIMAGE_NAME = LaunchImage;
				CODE_SIGN_IDENTITY = "iPhone Developer: yang liu (ZBTCLWPW9U)";
				FRAMEWORK_SEARCH_PATHS = (
					"$(inherited)",
					/Users/crane/Documents/Spbot,
					/Users/crane/Documents/spbot/iOS/Spbot,
				);
				GCC_PRECOMPILE_PREFIX_HEADER = YES;
				GCC_PREFIX_HEADER = "Spbot/Spbot-Prefix.pch";
				INFOPLIST_FILE = "Spbot/Spbot-Info.plist";
				IPHONEOS_DEPLOYMENT_TARGET = 6.1;
				PRODUCT_NAME = "$(TARGET_NAME)";
				PROVISIONING_PROFILE = "9E40EF7E-1D31-4E18-B43A-DE2122A3C4BC";
				WRAPPER_EXTENSION = app;
			};
			name = Release;
		};
		7EFB56171849DA8000BF6C46 /* Debug */ = {
			isa = XCBuildConfiguration;
			buildSettings = {
				ARCHS = "$(ARCHS_STANDARD_INCLUDING_64_BIT)";
				BUNDLE_LOADER = "$(BUILT_PRODUCTS_DIR)/Spbot.app/Spbot";
				FRAMEWORK_SEARCH_PATHS = (
					"$(SDKROOT)/Developer/Library/Frameworks",
					"$(inherited)",
					"$(DEVELOPER_FRAMEWORKS_DIR)",
				);
				GCC_PRECOMPILE_PREFIX_HEADER = YES;
				GCC_PREFIX_HEADER = "Spbot/Spbot-Prefix.pch";
				GCC_PREPROCESSOR_DEFINITIONS = (
					"DEBUG=1",
					"$(inherited)",
				);
				INFOPLIST_FILE = "SpbotTests/SpbotTests-Info.plist";
				PRODUCT_NAME = "$(TARGET_NAME)";
				TEST_HOST = "$(BUNDLE_LOADER)";
				WRAPPER_EXTENSION = xctest;
			};
			name = Debug;
		};
		7EFB56181849DA8000BF6C46 /* Release */ = {
			isa = XCBuildConfiguration;
			buildSettings = {
				ARCHS = "$(ARCHS_STANDARD_INCLUDING_64_BIT)";
				BUNDLE_LOADER = "$(BUILT_PRODUCTS_DIR)/Spbot.app/Spbot";
				FRAMEWORK_SEARCH_PATHS = (
					"$(SDKROOT)/Developer/Library/Frameworks",
					"$(inherited)",
					"$(DEVELOPER_FRAMEWORKS_DIR)",
				);
				GCC_PRECOMPILE_PREFIX_HEADER = YES;
				GCC_PREFIX_HEADER = "Spbot/Spbot-Prefix.pch";
				INFOPLIST_FILE = "SpbotTests/SpbotTests-Info.plist";
				PRODUCT_NAME = "$(TARGET_NAME)";
				TEST_HOST = "$(BUNDLE_LOADER)";
				WRAPPER_EXTENSION = xctest;
			};
			name = Release;
		};
/* End XCBuildConfiguration section */

/* Begin XCConfigurationList section */
		7EFB55D91849DA8000BF6C46 /* Build configuration list for PBXProject "Spbot" */ = {
			isa = XCConfigurationList;
			buildConfigurations = (
				7EFB56111849DA8000BF6C46 /* Debug */,
				7EFB56121849DA8000BF6C46 /* Release */,
			);
			defaultConfigurationIsVisible = 0;
			defaultConfigurationName = Release;
		};
		7EFB56131849DA8000BF6C46 /* Build configuration list for PBXNativeTarget "Spbot" */ = {
			isa = XCConfigurationList;
			buildConfigurations = (
				7EFB56141849DA8000BF6C46 /* Debug */,
				7EFB56151849DA8000BF6C46 /* Release */,
			);
			defaultConfigurationIsVisible = 0;
			defaultConfigurationName = Release;
		};
		7EFB56161849DA8000BF6C46 /* Build configuration list for PBXNativeTarget "SpbotTests" */ = {
			isa = XCConfigurationList;
			buildConfigurations = (
				7EFB56171849DA8000BF6C46 /* Debug */,
				7EFB56181849DA8000BF6C46 /* Release */,
			);
			defaultConfigurationIsVisible = 0;
			defaultConfigurationName = Release;
		};
/* End XCConfigurationList section */
	};
	rootObject = 7EFB55D61849DA8000BF6C46 /* Project object */;
}
